lockfileVersion: '9.0'

settings:
  autoInstallPeers: true
  excludeLinksFromLockfile: false

importers:

  .:
    devDependencies:
      '@electron/packager':
        specifier: ^20.0.2
        version: 20.0.2
      electron:
        specifier: ^43.1.0
        version: 43.1.0

packages:

  '@electron-internal/extract-zip@1.0.4':
    resolution: {integrity: sha512-Zr1Vs7E9tpCNhZHDAbFVXc2gEVCG9RqPDjrno5+bdgB6LRAuvgyMHJut4NCVyYwtAieapMzc3fiQ3CSTi75ARg==}
    engines: {node: '>=22.12.0'}

  '@electron/asar@4.2.0':
    resolution: {integrity: sha512-npW1NW5yy8EB9XY/vEw9sUdgmq0sJEhmSBb6bqyFOAw1CSkrhvAvO6QWlW8CdIMo8VN1lkdF345l/MeW0LrY0Q==}
    engines: {node: '>=22.12.0'}
    hasBin: true

  '@electron/get@5.0.0':
    resolution: {integrity: sha512-pjoBpru1KdEtcExBnuHAP1cAc/5faoedw0hzJkL3o4/IJp7HNF1+fbrdxT3gMYRX2oJfvnA/WXeCTVQpYYxyJA==}
    engines: {node: '>=22.12.0'}

  '@electron/notarize@3.1.1':
    resolution: {integrity: sha512-uQQSlOiJnqRkTL1wlEBAxe90nVN/Fc/hEmk0bqpKk8nKjV1if/tXLHKUPePtv9Xsx90PtZU8aidx5lAiOpjkQQ==}
    engines: {node: '>= 22.12.0'}

  '@electron/osx-sign@2.5.0':
    resolution: {integrity: sha512-o4+Yq1WQGO+ewJJ0sL0ofWCo5rEZ1omLX7X8Q22rEotQzhZbwcWuXXBOu4/5xrWzyBALNCPAxDkY3Dfo5536Lg==}
    engines: {node: '>=22.12.0'}
    hasBin: true

  '@electron/packager@20.0.2':
    resolution: {integrity: sha512-+JK2Fb1+PwJseK5yaeW3XCFGhe+yPXtRWJeFZN4l8Cq2rLv6zS4PMus/khbcNj5l5Git9w8hffFg7jkJGbbUtg==}
    engines: {node: '>= 22.12.0'}
    hasBin: true

  '@electron/universal@3.0.6':
    resolution: {integrity: sha512-MonS1kfkZdSEkLZI0pdR/TCx8ecxwRSFm7sORfwIkDI9UaIbHnk4Mgeqq+Ob9qDQRV8LZ9+hHCmimpA9BRcNxw==}
    engines: {node: '>=22.12.0'}

  '@electron/windows-sign@2.0.6':
    resolution: {integrity: sha512-ESWgNkFsXFH06I5EB2uHv3hmZA3yF4j9GTB77W74x3b5KZNItxggNzuADw41HUy6mhnC2K+E2mT0Xgc4YKu3IQ==}
    engines: {node: '>=22.12.0'}
    hasBin: true

  '@malept/cross-spawn-promise@2.0.0':
    resolution: {integrity: sha512-1DpKU0Z5ThltBwjNySMC14g0CkbyhCaz9FkhxqNsZI6uAPJXFS8cMXlBKo26FJ8ZuW6S9GCMcR9IO5k2X5/9Fg==}
    engines: {node: '>= 12.13.0'}

  '@types/node@24.13.3':
    resolution: {integrity: sha512-Dh8vAsV36ig5wa9OX4pXvMc9D3Veibfw2wix0CUwYODLD8nkj9UsLjASr49nPg+2eKzxhBV+v7L8pXvT4e639Q==}

  '@xmldom/xmldom@0.9.10':
    resolution: {integrity: sha512-A9gOqLdi6cV4ibazAjcQufGj0B1y/vDqYrcuP6d/6x8P27gRS8643Dj9o1dEKtB6O7fwxb2FgBmJS2mX7gpvdw==}
    engines: {node: '>=14.6'}

  balanced-match@4.0.4:
    resolution: {integrity: sha512-BLrgEcRTwX2o6gGxGOCNyMvGSp35YofuYzw9h1IMTRmKqttAZZVU67bdb9Pr2vUHA8+j3i2tJfjO6C6+4myGTA==}
    engines: {node: 18 || 20 || >=22}

  base64-js@1.5.1:
    resolution: {integrity: sha512-AKpaYlHn8t4SVbOHCy+b5+KKgvR4vrsD8vbvrbiQJps7fKDTkjkDry6ji0rUJjC0kzbNePLwzxq8iypo41qeWA==}

  brace-expansion@5.0.7:
    resolution: {integrity: sha512-7oFy703dxfY3/NLxC1fh2SUCQ0H9rmAY+5EpDVfXjUTTs+HEwR2nYaqLv+GWcTsumwxPfiz6CzCNkwXwBUwqCA==}
    engines: {node: 18 || 20 || >=22}

  commander@13.1.0:
    resolution: {integrity: sha512-/rFeCpNJQbhSZjGVwO9RFV3xPqbnERS8MmIQzCtD/zl6gpJuV/bMLuN92oG3F7d8oDEHHRrujSXNUr8fpjntKw==}
    engines: {node: '>=18'}

  commander@9.4.0:
    resolution: {integrity: sha512-sRPT+umqkz90UA8M1yqYfnHlZA7fF6nSphDtxeywPZ49ysjxDQybzk13CL+mXekDRG92skbcqCLVovuCusNmFw==}
    engines: {node: ^12.20.0 || >=14}

  cross-spawn@7.0.6:
    resolution: {integrity: sha512-uV2QOWP2nWzsy2aMp8aRibhi9dlzF5Hgh5SHaB9OiTGEyDTiJJyx0uy51QXdyWbtAHNua4XJzUKca3OzKUd3vA==}
    engines: {node: '>= 8'}

  debug@4.4.3:
    resolution: {integrity: sha512-RGwwWnwQvkVfavKVt22FGLw+xYSdzARwm0ru6DhTVA3umU5hZc28V3kO4stgYryrTlLpuvgI9GiijltAjNbcqA==}
    engines: {node: '>=6.0'}
    peerDependencies:
      supports-color: '*'
    peerDependenciesMeta:
      supports-color:
        optional: true

  electron@43.1.0:
    resolution: {integrity: sha512-DPfxpQLd4NL3BJ8DBxYAfmLUKKesF5Rx9dQx5FyczAP8bhOPScjHE48GArVeXu68LlAainuwkmQTQvdZwpIIAQ==}
    engines: {node: '>= 22.12.0'}
    hasBin: true

  env-paths@3.0.0:
    resolution: {integrity: sha512-dtJUTepzMW3Lm/NPxRf3wP4642UWhjL2sQxc+ym2YMj1m/H2zDNQOlezafzkHwn6sMstjHTwG6iQQsctDW/b1A==}
    engines: {node: ^12.20.0 || ^14.13.1 || >=16.0.0}

  err-code@2.0.3:
    resolution: {integrity: sha512-2bmlRpNKBxT/CRmPOlyISQpNj+qSeYvcym/uT0Jx2bMOlKLtSy1ZmLuVxSEKKyor/N5yhvp/ZiG1oE3DEYMSFA==}

  filename-reserved-regex@3.0.0:
    resolution: {integrity: sha512-hn4cQfU6GOT/7cFHXBqeBg2TbrMBgdD0kcjLhvSQYYwm3s4B6cjvBfb7nBALJLAXqmU5xajSa7X2NnUud/VCdw==}
    engines: {node: ^12.20.0 || ^14.13.1 || >=16.0.0}

  filenamify@6.0.0:
    resolution: {integrity: sha512-vqIlNogKeyD3yzrm0yhRMQg8hOVwYcYRfjEoODd49iCprMn4HL85gK3HcykQE53EPIpX3HcAbGA5ELQv216dAQ==}
    engines: {node: '>=16'}

  flora-colossus@3.0.2:
    resolution: {integrity: sha512-Jk78K/Tzt6saxQPGChlJw69xuFGpWyTSAS8EdU0h/FyXwD2K46yNOXmo6nRHcZ9ooekyBAzMkwmiGNt7wOC5zg==}
    engines: {node: '>=22.12.0'}

  galactus@2.0.2:
    resolution: {integrity: sha512-HmKyTFGomdAchz4umx8MwBnrnfFmdpwiTyGA4ZOF7rya2Lmgbc9qate4yweInL+0gUBVImhaz12SBGpW3SY4Yg==}
    engines: {node: '>=22.12.0'}

  glob@13.0.6:
    resolution: {integrity: sha512-Wjlyrolmm8uDpm/ogGyXZXb1Z+Ca2B8NbJwqBVg0axK9GbBeoS7yGV6vjXnYdGm6X53iehEuxxbyiKp8QmN4Vw==}
    engines: {node: 18 || 20 || >=22}

  graceful-fs@4.2.11:
    resolution: {integrity: sha512-RbJ5/jmFcNNCcDV5o9eTnBLJ/HszWV0P73bc+Ff4nS/rJj+YaS6IGyiOL0VoBYX+l1Wrl3k63h/KrH+nhJ0XvQ==}

  isbinaryfile@4.0.10:
    resolution: {integrity: sha512-iHrqe5shvBUcFbmZq9zOQHBoeOhZJu6RQGrDpBgenUm/Am+F3JM2MgQj+rK3Z601fzrL5gLZWtAPH2OBaSVcyw==}
    engines: {node: '>= 8.0.0'}

  isexe@2.0.0:
    resolution: {integrity: sha512-RHxMLp9lnKHGHRng9QFhRCMbYAcVpn69smSGcq3f36xjgVVWThj4qqLbTLlq7Ssj8B+fIQ1EuCEGI2lKsyQeIw==}

  junk@4.0.1:
    resolution: {integrity: sha512-Qush0uP+G8ZScpGMZvHUiRfI0YBWuB3gVBYlI0v0vvOJt5FLicco+IkP0a50LqTTQhmts/m6tP5SWE+USyIvcQ==}
    engines: {node: '>=12.20'}

  lru-cache@11.5.2:
    resolution: {integrity: sha512-4pfM1Ff0x50o0tQwb5ucw/RzNyD0/YJME6IVcStalZuMWxdt3sR3huStTtxz4PUmvZfRguvDejasvQ2kifR11g==}
    engines: {node: 20 || >=22}

  minimatch@10.2.5:
    resolution: {integrity: sha512-MULkVLfKGYDFYejP07QOurDLLQpcjk7Fw+7jXS2R2czRQzR56yHRveU5NDJEOviH+hETZKSkIk5c+T23GjFUMg==}
    engines: {node: 18 || 20 || >=22}

  minipass@7.1.3:
    resolution: {integrity: sha512-tEBHqDnIoM/1rXME1zgka9g6Q2lcoCkxHLuc7ODJ5BxbP5d4c2Z5cGgtXAku59200Cx7diuHTOYfSBD8n6mm8A==}
    engines: {node: '>=16 || 14 >=14.17'}

  ms@2.1.3:
    resolution: {integrity: sha512-6FlzubTLZG3J2a/NVCAleEhjzq5oxgHyaCU9yYXvcLsvoVaHJq/s5xXI6/XXP6tz7R9xAOtHnSO/tXtF3WRTlA==}

  path-key@3.1.1:
    resolution: {integrity: sha512-ojmeN0qd+y0jszEtoY48r0Peq5dwMEkIlCOu6Q5f41lfkswXuKtYrhgoTpLnyIcHm24Uhqx+5Tqm2InSwLhE6Q==}
    engines: {node: '>=8'}

  path-scurry@2.0.2:
    resolution: {integrity: sha512-3O/iVVsJAPsOnpwWIeD+d6z/7PmqApyQePUtCndjatj/9I5LylHvt5qluFaBT3I5h3r1ejfR056c+FCv+NnNXg==}
    engines: {node: 18 || 20 || >=22}

  pe-library@1.0.1:
    resolution: {integrity: sha512-nh39Mo1eGWmZS7y+mK/dQIqg7S1lp38DpRxkyoHf0ZcUs/HDc+yyTjuOtTvSMZHmfSLuSQaX945u05Y2Q6UWZg==}
    engines: {node: '>=14', npm: '>=7'}

  plist@3.1.1:
    resolution: {integrity: sha512-ZIfcLJC+7E7FBFnDxm9MPmt7D+DidyQ26lewieO75AdhA2ayMtsJSES0iWzqJQbcVRSrTufQoy0DR94xHue0oA==}
    engines: {node: '>=10.4.0'}

  postject@1.0.0-alpha.6:
    resolution: {integrity: sha512-b9Eb8h2eVqNE8edvKdwqkrY6O7kAwmI8kcnBv1NScolYJbo59XUF0noFq+lxbC1yN20bmC0WBEbDC5H/7ASb0A==}
    engines: {node: '>=14.0.0'}
    hasBin: true

  progress@2.0.3:
    resolution: {integrity: sha512-7PiHtLll5LdnKIMw100I+8xJXR5gW2QwWYkT6iJva0bXitZKa/XMrSbdmg3r2Xnaidz9Qumd0VPaMrZlF9V9sA==}
    engines: {node: '>=0.4.0'}

  promise-retry@2.0.1:
    resolution: {integrity: sha512-y+WKFlBR8BGXnsNlIHFGPZmyDf3DFMoLhaflAnyZgV6rG6xu+JwesTo2Q9R6XwYmtmwAFCkAk3e35jEdoeh/3g==}
    engines: {node: '>=10'}

  resedit@2.0.3:
    resolution: {integrity: sha512-oTeemxwoMuxxTYxXUwjkrOPfngTQehlv0/HoYFNkB4uzsP1Un1A9nI8JQKGOFkxpqkC7qkMs0lUsGrvUlbLNUA==}
    engines: {node: '>=14', npm: '>=7'}

  retry@0.12.0:
    resolution: {integrity: sha512-9LkiTwjUh6rT555DtE9rTX+BKByPfrMzEAtnlEtdEwr3Nkffwiihqe2bWADg+OQRjt9gl6ICdmB/ZFDCGAtSow==}
    engines: {node: '>= 4'}

  semver@7.8.5:
    resolution: {integrity: sha512-Y7/KDsb8LjooZpwaqGyulO6DQlksgCncchHGk+sZIY4SBvUocMBEFH5Ur1fI4dV+Jvl0w6cjvucaIi40puRioA==}
    engines: {node: '>=10'}
    hasBin: true

  shebang-command@2.0.0:
    resolution: {integrity: sha512-kHxr2zZpYtdmrN1qDjrrX/Z1rR1kG8Dx+gkpK1G4eXmvXswmcE1hTWBWYUzlraYw1/yZp6YuDY77YtvbN0dmDA==}
    engines: {node: '>=8'}

  shebang-regex@3.0.0:
    resolution: {integrity: sha512-7++dFhtcx3353uBaq8DDR4NuxBetBzC7ZQOhmTQInHEd6bSrXdiEyzCvG07Z44UYdLShWUyXt5M/yhz8ekcb1A==}
    engines: {node: '>=8'}

  sumchecker@3.0.1:
    resolution: {integrity: sha512-MvjXzkz/BOfyVDkG0oFOtBxHX2u3gKbMHIF/dXblZsgD3BWOFLmHovIpZY7BykJdAjcqRCBi1WYBNdEC9yI7vg==}
    engines: {node: '>= 8.0'}

  undici-types@7.18.2:
    resolution: {integrity: sha512-AsuCzffGHJybSaRrmr5eHr81mwJU3kjw6M+uprWvCXiNeN9SOGwQ3Jn8jb8m3Z6izVgknn1R0FTCEAP2QrLY/w==}

  undici@7.28.0:
    resolution: {integrity: sha512-cRZYrTDwWznlnRiPjggAGxZXanty6M8RV1ff8Wm4LWXBp7/IG8v5DnOm74DtUBp9OONpK75YlPnIjQqX0dBDtA==}
    engines: {node: '>=20.18.1'}

  which@2.0.1:
    resolution: {integrity: sha512-N7GBZOTswtB9lkQBZA4+zAXrjEIWAUOB93AvzUiudRzRxhUdLURQ7D/gAIMY1gatT/LTbmbcv8SiYazy3eYB7w==}
    engines: {node: '>= 8'}
    hasBin: true

  xmlbuilder@15.1.1:
    resolution: {integrity: sha512-yMqGBqtXyeN1e3TGYvgNgDVZ3j84W4cwkOXQswghol6APgZWaff9lnbvN7MHYJOiXsvGPXtjTYJEiC9J2wv9Eg==}
    engines: {node: '>=8.0'}

  yargs-parser@22.0.0:
    resolution: {integrity: sha512-rwu/ClNdSMpkSrUb+d6BRsSkLUq1fmfsY6TOpYzTwvwkg1/NRG85KBy3kq++A8LKQwX6lsu+aWad+2khvuXrqw==}
    engines: {node: ^20.19.0 || ^22.12.0 || >=23}

snapshots:

  '@electron-internal/extract-zip@1.0.4': {}

  '@electron/asar@4.2.0':
    dependencies:
      commander: 13.1.0
      glob: 13.0.6
      minimatch: 10.2.5

  '@electron/get@5.0.0':
    dependencies:
      debug: 4.4.3
      env-paths: 3.0.0
      graceful-fs: 4.2.11
      progress: 2.0.3
      semver: 7.8.5
      sumchecker: 3.0.1
    optionalDependencies:
      undici: 7.28.0
    transitivePeerDependencies:
      - supports-color

  '@electron/notarize@3.1.1':
    dependencies:
      debug: 4.4.3
      promise-retry: 2.0.1
    transitivePeerDependencies:
      - supports-color

  '@electron/osx-sign@2.5.0':
    dependencies:
      debug: 4.4.3
      isbinaryfile: 4.0.10
      plist: 3.1.1
      semver: 7.8.5
    transitivePeerDependencies:
      - supports-color

  '@electron/packager@20.0.2':
    dependencies:
      '@electron-internal/extract-zip': 1.0.4
      '@electron/asar': 4.2.0
      '@electron/get': 5.0.0
      '@electron/notarize': 3.1.1
      '@electron/osx-sign': 2.5.0
      '@electron/universal': 3.0.6
      '@electron/windows-sign': 2.0.6
      '@malept/cross-spawn-promise': 2.0.0
      debug: 4.4.3
      filenamify: 6.0.0
      galactus: 2.0.2
      graceful-fs: 4.2.11
      junk: 4.0.1
      plist: 3.1.1
      resedit: 2.0.3
      semver: 7.8.5
      yargs-parser: 22.0.0
    transitivePeerDependencies:
      - supports-color

  '@electron/universal@3.0.6':
    dependencies:
      '@electron/asar': 4.2.0
      debug: 4.4.3
      plist: 3.1.1
    transitivePeerDependencies:
      - supports-color

  '@electron/windows-sign@2.0.6':
    dependencies:
      debug: 4.4.3
      graceful-fs: 4.2.11
      postject: 1.0.0-alpha.6
    transitivePeerDependencies:
      - supports-color

  '@malept/cross-spawn-promise@2.0.0':
    dependencies:
      cross-spawn: 7.0.6

  '@types/node@24.13.3':
    dependencies:
      undici-types: 7.18.2

  '@xmldom/xmldom@0.9.10': {}

  balanced-match@4.0.4: {}

  base64-js@1.5.1: {}

  brace-expansion@5.0.7:
    dependencies:
      balanced-match: 4.0.4

  commander@13.1.0: {}

  commander@9.4.0: {}

  cross-spawn@7.0.6:
    dependencies:
      path-key: 3.1.1
      shebang-command: 2.0.0
      which: 2.0.1

  debug@4.4.3:
    dependencies:
      ms: 2.1.3

  electron@43.1.0:
    dependencies:
      '@electron-internal/extract-zip': 1.0.4
      '@electron/get': 5.0.0
      '@types/node': 24.13.3
    transitivePeerDependencies:
      - supports-color

  env-paths@3.0.0: {}

  err-code@2.0.3: {}

  filename-reserved-regex@3.0.0: {}

  filenamify@6.0.0:
    dependencies:
      filename-reserved-regex: 3.0.0

  flora-colossus@3.0.2:
    dependencies:
      debug: 4.4.3
    transitivePeerDependencies:
      - supports-color

  galactus@2.0.2:
    dependencies:
      debug: 4.4.3
      flora-colossus: 3.0.2
    transitivePeerDependencies:
      - supports-color

  glob@13.0.6:
    dependencies:
      minimatch: 10.2.5
      minipass: 7.1.3
      path-scurry: 2.0.2

  graceful-fs@4.2.11: {}

  isbinaryfile@4.0.10: {}

  isexe@2.0.0: {}

  junk@4.0.1: {}

  lru-cache@11.5.2: {}

  minimatch@10.2.5:
    dependencies:
      brace-expansion: 5.0.7

  minipass@7.1.3: {}

  ms@2.1.3: {}

  path-key@3.1.1: {}

  path-scurry@2.0.2:
    dependencies:
      lru-cache: 11.5.2
      minipass: 7.1.3

  pe-library@1.0.1: {}

  plist@3.1.1:
    dependencies:
      '@xmldom/xmldom': 0.9.10
      base64-js: 1.5.1
      xmlbuilder: 15.1.1

  postject@1.0.0-alpha.6:
    dependencies:
      commander: 9.4.0

  progress@2.0.3: {}

  promise-retry@2.0.1:
    dependencies:
      err-code: 2.0.3
      retry: 0.12.0

  resedit@2.0.3:
    dependencies:
      pe-library: 1.0.1

  retry@0.12.0: {}

  semver@7.8.5: {}

  shebang-command@2.0.0:
    dependencies:
      shebang-regex: 3.0.0

  shebang-regex@3.0.0: {}

  sumchecker@3.0.1:
    dependencies:
      debug: 4.4.3
    transitivePeerDependencies:
      - supports-color

  undici-types@7.18.2: {}

  undici@7.28.0:
    optional: true

  which@2.0.1:
    dependencies:
      isexe: 2.0.0

  xmlbuilder@15.1.1: {}

  yargs-parser@22.0.0: {}
